NeoBundleLock FastFold 664c576930114cda993c88eb493285e2464eb83f
NeoBundleLock ag.vim 4a0dd6e190f446e5a016b44fdaa2feafc582918e
NeoBundleLock clever-split.vim a52632a8bcb8044f742256dbbcec023335a72c0e
NeoBundleLock codic-vim 8d722771e14f781907db0bd5ac20bf81af2fc32e
NeoBundleLock ctrlp-filer 1c5420c36f125e555ea08b29c29c1e825da576e1
NeoBundleLock ctrlp.vim 46a2986994e9550c198bc106e07a2a56c376696c
NeoBundleLock gocode 57b3fab1de11102eee896051605108949fbe75da
NeoBundleLock jedi-vim 443e7fe555dcbd6e08a0b9e235c06f3f0cc309a4
NeoBundleLock lightline.vim 6fffbaf1d6b4e8f0e58c54eadb6eecd354c7cbdd
NeoBundleLock mru 6e6064a087e73d6376962a1b05382b6dc72f7048
NeoBundleLock neobundle.vim 9c62a8fcf9eb42d3956c703943c99f06a63112e6
NeoBundleLock neocomplete 38f6f183edc665b8c9f52dd1546dae2c4cc7e29c
NeoBundleLock neosnippet d373e1451e187318b5da387a50990ebb65e27587
NeoBundleLock neosnippet-snippets 34dec3c984bcae52a871d6d0954030cb23802305
NeoBundleLock syntastic f527cb1a2d768cb48464048724172160c72f6a51
NeoBundleLock tcomment_vim a30434a3d2c7c74e2708a3bc800c5c14c1e6625e
NeoBundleLock unite-mark c6353b0b0a3ecb2dd316b57a351cd71eb580bf57
NeoBundleLock unite-outline 1950ac514ba20409fd517c52a7102526ad8e16af
NeoBundleLock unite.vim af6e6459e5eb11796cf535246043f0eaf29fd3de
NeoBundleLock vim-ansible-yaml 33643fc45b20e217e985436d005685dc8f476f06
NeoBundleLock vim-easymotion 5c6f3cd9a713491e6b32752a05c45198aa91540a
NeoBundleLock vim-go c63c798f71790c7952a9adafa866be1523f38589
NeoBundleLock vim-go-extra e695cf986c1ee9d16449bd37228ee8c9fa796783
NeoBundleLock vim-indent-guides 018298ead9d3aa9cd3b4ae222f81022a33978b09
NeoBundleLock vim-quickrun 5149ecd1502b7fc2583cb8799ac1a0c72c41f828
NeoBundleLock vim-showmarks 1966a54616cc5b9483dcced8c640f508e2a46c4e
NeoBundleLock vim-table-mode 8bacd0ba660e94e0bf7e1a41e803df58be4c7376
NeoBundleLock vimproc 25cb83f24edec4aec1e9f1329302235e7a7a7fe0
